// !$*UTF8*$!
{
	archiveVersion = 1;
	classes = {
	};
	objectVersion = 50;
	objects = {

/* Begin PBXBuildFile section */
		5E1350532323CF5700E84F8D /* LargeHeaderCell.swift in Sources */ = {isa = PBXBuildFile; fileRef = 5E1350522323CF5700E84F8D /* LargeHeaderCell.swift */; };
		5E1350562323CF9800E84F8D /* Utilities.swift in Sources */ = {isa = PBXBuildFile; fileRef = 5E1350552323CF9800E84F8D /* Utilities.swift */; };
		5E1350582326ACD400E84F8D /* HeaderFlowLayout.swift in Sources */ = {isa = PBXBuildFile; fileRef = 5E1350572326ACD400E84F8D /* HeaderFlowLayout.swift */; };
		5E34E6092334CFC200B03EDD /* LabelWithSwitchCell.swift in Sources */ = {isa = PBXBuildFile; fileRef = 5E34E6082334CFC200B03EDD /* LabelWithSwitchCell.swift */; };
		5E34E60B2334D77100B03EDD /* LabelWithSwitch.swift in Sources */ = {isa = PBXBuildFile; fileRef = 5E34E60A2334D77100B03EDD /* LabelWithSwitch.swift */; };
		5E34E60D2334DDB100B03EDD /* CentreLabelCell.swift in Sources */ = {isa = PBXBuildFile; fileRef = 5E34E60C2334DDB100B03EDD /* CentreLabelCell.swift */; };
		5E34E60F2334E5F900B03EDD /* CentreLabel.swift in Sources */ = {isa = PBXBuildFile; fileRef = 5E34E60E2334E5F900B03EDD /* CentreLabel.swift */; };
		5E34E611233502E800B03EDD /* LabelWithLabelCell.swift in Sources */ = {isa = PBXBuildFile; fileRef = 5E34E610233502E800B03EDD /* LabelWithLabelCell.swift */; };
		5E65B1B0232001A6004A4293 /* AppDelegate.swift in Sources */ = {isa = PBXBuildFile; fileRef = 5E65B1AF232001A6004A4293 /* AppDelegate.swift */; };
		5E65B1B5232001A6004A4293 /* Main.storyboard in Resources */ = {isa = PBXBuildFile; fileRef = 5E65B1B3232001A6004A4293 /* Main.storyboard */; };
		5E65B1B7232001A7004A4293 /* Assets.xcassets in Resources */ = {isa = PBXBuildFile; fileRef = 5E65B1B6232001A7004A4293 /* Assets.xcassets */; };
		5E65B1BA232001A7004A4293 /* LaunchScreen.storyboard in Resources */ = {isa = PBXBuildFile; fileRef = 5E65B1B8232001A7004A4293 /* LaunchScreen.storyboard */; };
		5E65B1C4232004AD004A4293 /* TransactionViewController.swift in Sources */ = {isa = PBXBuildFile; fileRef = 5E65B1C3232004AD004A4293 /* TransactionViewController.swift */; };
		5E65B378232E8C2900DA6C47 /* LabelWithIcon.swift in Sources */ = {isa = PBXBuildFile; fileRef = 5E65B377232E8C2900DA6C47 /* LabelWithIcon.swift */; };
		5E65B37A232EA67C00DA6C47 /* LargeHeader.swift in Sources */ = {isa = PBXBuildFile; fileRef = 5E65B379232EA67C00DA6C47 /* LargeHeader.swift */; };
		5E8C292A2330E373004C8FAF /* LabelHeaderCell.swift in Sources */ = {isa = PBXBuildFile; fileRef = 5E8C29292330E373004C8FAF /* LabelHeaderCell.swift */; };
		5E8C292C2330FB5F004C8FAF /* LabelHeader.swift in Sources */ = {isa = PBXBuildFile; fileRef = 5E8C292B2330FB5F004C8FAF /* LabelHeader.swift */; };
		5E8C292E23313EAB004C8FAF /* LabelFooterCell.swift in Sources */ = {isa = PBXBuildFile; fileRef = 5E8C292D23313EAB004C8FAF /* LabelFooterCell.swift */; };
		5E8C293023314CD0004C8FAF /* LabelFooter.swift in Sources */ = {isa = PBXBuildFile; fileRef = 5E8C292F23314CD0004C8FAF /* LabelFooter.swift */; };
		5EC2AA6B23297B2E00FE5EB5 /* LabelWithIconCell.swift in Sources */ = {isa = PBXBuildFile; fileRef = 5EC2AA6A23297B2E00FE5EB5 /* LabelWithIconCell.swift */; };
/* End PBXBuildFile section */

/* Begin PBXFileReference section */
		5E1350522323CF5700E84F8D /* LargeHeaderCell.swift */ = {isa = PBXFileReference; lastKnownFileType = sourcecode.swift; path = LargeHeaderCell.swift; sourceTree = "<group>"; };
		5E1350552323CF9800E84F8D /* Utilities.swift */ = {isa = PBXFileReference; lastKnownFileType = sourcecode.swift; path = Utilities.swift; sourceTree = "<group>"; };
		5E1350572326ACD400E84F8D /* HeaderFlowLayout.swift */ = {isa = PBXFileReference; lastKnownFileType = sourcecode.swift; path = HeaderFlowLayout.swift; sourceTree = "<group>"; };
		5E34E6082334CFC200B03EDD /* LabelWithSwitchCell.swift */ = {isa = PBXFileReference; lastKnownFileType = sourcecode.swift; path = LabelWithSwitchCell.swift; sourceTree = "<group>"; };
		5E34E60A2334D77100B03EDD /* LabelWithSwitch.swift */ = {isa = PBXFileReference; lastKnownFileType = sourcecode.swift; path = LabelWithSwitch.swift; sourceTree = "<group>"; };
		5E34E60C2334DDB100B03EDD /* CentreLabelCell.swift */ = {isa = PBXFileReference; lastKnownFileType = sourcecode.swift; path = CentreLabelCell.swift; sourceTree = "<group>"; };
		5E34E60E2334E5F900B03EDD /* CentreLabel.swift */ = {isa = PBXFileReference; lastKnownFileType = sourcecode.swift; path = CentreLabel.swift; sourceTree = "<group>"; };
		5E34E610233502E800B03EDD /* LabelWithLabelCell.swift */ = {isa = PBXFileReference; lastKnownFileType = sourcecode.swift; path = LabelWithLabelCell.swift; sourceTree = "<group>"; };
		5E65B1AC232001A6004A4293 /* MonzoClone.app */ = {isa = PBXFileReference; explicitFileType = wrapper.application; includeInIndex = 0; path = MonzoClone.app; sourceTree = BUILT_PRODUCTS_DIR; };
		5E65B1AF232001A6004A4293 /* AppDelegate.swift */ = {isa = PBXFileReference; lastKnownFileType = sourcecode.swift; path = AppDelegate.swift; sourceTree = "<group>"; };
		5E65B1B4232001A6004A4293 /* Base */ = {isa = PBXFileReference; lastKnownFileType = file.storyboard; name = Base; path = Base.lproj/Main.storyboard; sourceTree = "<group>"; };
		5E65B1B6232001A7004A4293 /* Assets.xcassets */ = {isa = PBXFileReference; lastKnownFileType = folder.assetcatalog; path = Assets.xcassets; sourceTree = "<group>"; };
		5E65B1B9232001A7004A4293 /* Base */ = {isa = PBXFileReference; lastKnownFileType = file.storyboard; name = Base; path = Base.lproj/LaunchScreen.storyboard; sourceTree = "<group>"; };
		5E65B1BB232001A7004A4293 /* Info.plist */ = {isa = PBXFileReference; lastKnownFileType = text.plist.xml; path = Info.plist; sourceTree = "<group>"; };
		5E65B1C3232004AD004A4293 /* TransactionViewController.swift */ = {isa = PBXFileReference; lastKnownFileType = sourcecode.swift; path = TransactionViewController.swift; sourceTree = "<group>"; };
		5E65B377232E8C2900DA6C47 /* LabelWithIcon.swift */ = {isa = PBXFileReference; lastKnownFileType = sourcecode.swift; path = LabelWithIcon.swift; sourceTree = "<group>"; };
		5E65B379232EA67C00DA6C47 /* LargeHeader.swift */ = {isa = PBXFileReference; lastKnownFileType = sourcecode.swift; path = LargeHeader.swift; sourceTree = "<group>"; };
		5E8C29292330E373004C8FAF /* LabelHeaderCell.swift */ = {isa = PBXFileReference; lastKnownFileType = sourcecode.swift; path = LabelHeaderCell.swift; sourceTree = "<group>"; };
		5E8C292B2330FB5F004C8FAF /* LabelHeader.swift */ = {isa = PBXFileReference; lastKnownFileType = sourcecode.swift; path = LabelHeader.swift; sourceTree = "<group>"; };
		5E8C292D23313EAB004C8FAF /* LabelFooterCell.swift */ = {isa = PBXFileReference; lastKnownFileType = sourcecode.swift; path = LabelFooterCell.swift; sourceTree = "<group>"; };
		5E8C292F23314CD0004C8FAF /* LabelFooter.swift */ = {isa = PBXFileReference; lastKnownFileType = sourcecode.swift; path = LabelFooter.swift; sourceTree = "<group>"; };
		5EC2AA6A23297B2E00FE5EB5 /* LabelWithIconCell.swift */ = {isa = PBXFileReference; lastKnownFileType = sourcecode.swift; path = LabelWithIconCell.swift; sourceTree = "<group>"; };
/* End PBXFileReference section */

/* Begin PBXFrameworksBuildPhase section */
		5E65B1A9232001A6004A4293 /* Frameworks */ = {
			isa = PBXFrameworksBuildPhase;
			buildActionMask = 2147483647;
			files = (
			);
			runOnlyForDeploymentPostprocessing = 0;
		};
/* End PBXFrameworksBuildPhase section */

/* Begin PBXGroup section */
		5E1350512323CF4300E84F8D /* Cells */ = {
			isa = PBXGroup;
			children = (
				5E1350522323CF5700E84F8D /* LargeHeaderCell.swift */,
				5EC2AA6A23297B2E00FE5EB5 /* LabelWithIconCell.swift */,
				5E8C29292330E373004C8FAF /* LabelHeaderCell.swift */,
				5E34E6082334CFC200B03EDD /* LabelWithSwitchCell.swift */,
				5E34E610233502E800B03EDD /* LabelWithLabelCell.swift */,
				5E34E60C2334DDB100B03EDD /* CentreLabelCell.swift */,
				5E8C292D23313EAB004C8FAF /* LabelFooterCell.swift */,
			);
			path = Cells;
			sourceTree = "<group>";
		};
		5E1350542323CF6400E84F8D /* Utilities */ = {
			isa = PBXGroup;
			children = (
				5E1350552323CF9800E84F8D /* Utilities.swift */,
			);
			path = Utilities;
			sourceTree = "<group>";
		};
		5E65B1A3232001A6004A4293 = {
			isa = PBXGroup;
			children = (
				5E65B1AE232001A6004A4293 /* MonzoClone */,
				5E65B1AD232001A6004A4293 /* Products */,
			);
			sourceTree = "<group>";
		};
		5E65B1AD232001A6004A4293 /* Products */ = {
			isa = PBXGroup;
			children = (
				5E65B1AC232001A6004A4293 /* MonzoClone.app */,
			);
			name = Products;
			sourceTree = "<group>";
		};
		5E65B1AE232001A6004A4293 /* MonzoClone */ = {
			isa = PBXGroup;
			children = (
				5E65B1AF232001A6004A4293 /* AppDelegate.swift */,
				5E65B1C3232004AD004A4293 /* TransactionViewController.swift */,
				5E65B1C22320048B004A4293 /* Layouts */,
				5E1350512323CF4300E84F8D /* Cells */,
				5E65B376232E8C0700DA6C47 /* Model */,
				5E1350542323CF6400E84F8D /* Utilities */,
				5E65B1B6232001A7004A4293 /* Assets.xcassets */,
				5E65B1B3232001A6004A4293 /* Main.storyboard */,
				5E65B1B8232001A7004A4293 /* LaunchScreen.storyboard */,
				5E65B1BB232001A7004A4293 /* Info.plist */,
			);
			path = MonzoClone;
			sourceTree = "<group>";
		};
		5E65B1C22320048B004A4293 /* Layouts */ = {
			isa = PBXGroup;
			children = (
				5E1350572326ACD400E84F8D /* HeaderFlowLayout.swift */,
			);
			path = Layouts;
			sourceTree = "<group>";
		};
		5E65B376232E8C0700DA6C47 /* Model */ = {
			isa = PBXGroup;
			children = (
				5E65B379232EA67C00DA6C47 /* LargeHeader.swift */,
				5E65B377232E8C2900DA6C47 /* LabelWithIcon.swift */,
				5E8C292B2330FB5F004C8FAF /* LabelHeader.swift */,
				5E34E60A2334D77100B03EDD /* LabelWithSwitch.swift */,
				5E34E60E2334E5F900B03EDD /* CentreLabel.swift */,
				5E8C292F23314CD0004C8FAF /* LabelFooter.swift */,
			);
			path = Model;
			sourceTree = "<group>";
		};
/* End PBXGroup section */

/* Begin PBXNativeTarget section */
		5E65B1AB232001A6004A4293 /* MonzoClone */ = {
			isa = PBXNativeTarget;
			buildConfigurationList = 5E65B1BE232001A7004A4293 /* Build configuration list for PBXNativeTarget "MonzoClone" */;
			buildPhases = (
				5E65B1A8232001A6004A4293 /* Sources */,
				5E65B1A9232001A6004A4293 /* Frameworks */,
				5E65B1AA232001A6004A4293 /* Resources */,
			);
			buildRules = (
			);
			dependencies = (
			);
			name = MonzoClone;
			productName = MonzoClone;
			productReference = 5E65B1AC232001A6004A4293 /* MonzoClone.app */;
			productType = "com.apple.product-type.application";
		};
/* End PBXNativeTarget section */

/* Begin PBXProject section */
		5E65B1A4232001A6004A4293 /* Project object */ = {
			isa = PBXProject;
			attributes = {
				LastSwiftUpdateCheck = 1010;
				LastUpgradeCheck = 1010;
				ORGANIZATIONNAME = "Henry Noon";
				TargetAttributes = {
					5E65B1AB232001A6004A4293 = {
						CreatedOnToolsVersion = 10.1;
					};
				};
			};
			buildConfigurationList = 5E65B1A7232001A6004A4293 /* Build configuration list for PBXProject "MonzoClone" */;
			compatibilityVersion = "Xcode 9.3";
			developmentRegion = en;
			hasScannedForEncodings = 0;
			knownRegions = (
				en,
				Base,
			);
			mainGroup = 5E65B1A3232001A6004A4293;
			productRefGroup = 5E65B1AD232001A6004A4293 /* Products */;
			projectDirPath = "";
			projectRoot = "";
			targets = (
				5E65B1AB232001A6004A4293 /* MonzoClone */,
			);
		};
/* End PBXProject section */

/* Begin PBXResourcesBuildPhase section */
		5E65B1AA232001A6004A4293 /* Resources */ = {
			isa = PBXResourcesBuildPhase;
			buildActionMask = 2147483647;
			files = (
				5E65B1BA232001A7004A4293 /* LaunchScreen.storyboard in Resources */,
				5E65B1B7232001A7004A4293 /* Assets.xcassets in Resources */,
				5E65B1B5232001A6004A4293 /* Main.storyboard in Resources */,
			);
			runOnlyForDeploymentPostprocessing = 0;
		};
/* End PBXResourcesBuildPhase section */

/* Begin PBXSourcesBuildPhase section */
		5E65B1A8232001A6004A4293 /* Sources */ = {
			isa = PBXSourcesBuildPhase;
			buildActionMask = 2147483647;
			files = (
				5E65B37A232EA67C00DA6C47 /* LargeHeader.swift in Sources */,
				5EC2AA6B23297B2E00FE5EB5 /* LabelWithIconCell.swift in Sources */,
				5E65B1C4232004AD004A4293 /* TransactionViewController.swift in Sources */,
				5E8C293023314CD0004C8FAF /* LabelFooter.swift in Sources */,
				5E65B1B0232001A6004A4293 /* AppDelegate.swift in Sources */,
				5E8C292C2330FB5F004C8FAF /* LabelHeader.swift in Sources */,
				5E1350532323CF5700E84F8D /* LargeHeaderCell.swift in Sources */,
				5E8C292A2330E373004C8FAF /* LabelHeaderCell.swift in Sources */,
				5E1350562323CF9800E84F8D /* Utilities.swift in Sources */,
				5E1350582326ACD400E84F8D /* HeaderFlowLayout.swift in Sources */,
				5E34E60B2334D77100B03EDD /* LabelWithSwitch.swift in Sources */,
				5E65B378232E8C2900DA6C47 /* LabelWithIcon.swift in Sources */,
				5E34E60D2334DDB100B03EDD /* CentreLabelCell.swift in Sources */,
				5E34E60F2334E5F900B03EDD /* CentreLabel.swift in Sources */,
				5E8C292E23313EAB004C8FAF /* LabelFooterCell.swift in Sources */,
				5E34E6092334CFC200B03EDD /* LabelWithSwitchCell.swift in Sources */,
				5E34E611233502E800B03EDD /* LabelWithLabelCell.swift in Sources */,
			);
			runOnlyForDeploymentPostprocessing = 0;
		};
/* End PBXSourcesBuildPhase section */

/* Begin PBXVariantGroup section */
		5E65B1B3232001A6004A4293 /* Main.storyboard */ = {
			isa = PBXVariantGroup;
			children = (
				5E65B1B4232001A6004A4293 /* Base */,
			);
			name = Main.storyboard;
			sourceTree = "<group>";
		};
		5E65B1B8232001A7004A4293 /* LaunchScreen.storyboard */ = {
			isa = PBXVariantGroup;
			children = (
				5E65B1B9232001A7004A4293 /* Base */,
			);
			name = LaunchScreen.storyboard;
			sourceTree = "<group>";
		};
/* End PBXVariantGroup section */

/* Begin XCBuildConfiguration section */
		5E65B1BC232001A7004A4293 /* Debug */ = {
			isa = XCBuildConfiguration;
			buildSettings = {
				ALWAYS_SEARCH_USER_PATHS = NO;
				CLANG_ANALYZER_NONNULL = YES;
				CLANG_ANALYZER_NUMBER_OBJECT_CONVERSION = YES_AGGRESSIVE;
				CLANG_CXX_LANGUAGE_STANDARD = "gnu++14";
				CLANG_CXX_LIBRARY = "libc++";
				CLANG_ENABLE_MODULES = YES;
				CLANG_ENABLE_OBJC_ARC = YES;
				CLANG_ENABLE_OBJC_WEAK = YES;
				CLANG_WARN_BLOCK_CAPTURE_AUTORELEASING = YES;
				CLANG_WARN_BOOL_CONVERSION = YES;
				CLANG_WARN_COMMA = YES;
				CLANG_WARN_CONSTANT_CONVERSION = YES;
				CLANG_WARN_DEPRECATED_OBJC_IMPLEMENTATIONS = YES;
				CLANG_WARN_DIRECT_OBJC_ISA_USAGE = YES_ERROR;
				CLANG_WARN_DOCUMENTATION_COMMENTS = YES;
				CLANG_WARN_EMPTY_BODY = YES;
				CLANG_WARN_ENUM_CONVERSION = YES;
				CLANG_WARN_INFINITE_RECURSION = YES;
				CLANG_WARN_INT_CONVERSION = YES;
				CLANG_WARN_NON_LITERAL_NULL_CONVERSION = YES;
				CLANG_WARN_OBJC_IMPLICIT_RETAIN_SELF = YES;
				CLANG_WARN_OBJC_LITERAL_CONVERSION = YES;
				CLANG_WARN_OBJC_ROOT_CLASS = YES_ERROR;
				CLANG_WARN_RANGE_LOOP_ANALYSIS = YES;
				CLANG_WARN_STRICT_PROTOTYPES = YES;
				CLANG_WARN_SUSPICIOUS_MOVE = YES;
				CLANG_WARN_UNGUARDED_AVAILABILITY = YES_AGGRESSIVE;
				CLANG_WARN_UNREACHABLE_CODE = YES;
				CLANG_WARN__DUPLICATE_METHOD_MATCH = YES;
				CODE_SIGN_IDENTITY = "iPhone Developer";
				COPY_PHASE_STRIP = NO;
				DEBUG_INFORMATION_FORMAT = dwarf;
				ENABLE_STRICT_OBJC_MSGSEND = YES;
				ENABLE_TESTABILITY = YES;
				GCC_C_LANGUAGE_STANDARD = gnu11;
				GCC_DYNAMIC_NO_PIC = NO;
				GCC_NO_COMMON_BLOCKS = YES;
				GCC_OPTIMIZATION_LEVEL = 0;
				GCC_PREPROCESSOR_DEFINITIONS = (
					"DEBUG=1",
					"$(inherited)",
				);
				GCC_WARN_64_TO_32_BIT_CONVERSION = YES;
				GCC_WARN_ABOUT_RETURN_TYPE = YES_ERROR;
				GCC_WARN_UNDECLARED_SELECTOR = YES;
				GCC_WARN_UNINITIALIZED_AUTOS = YES_AGGRESSIVE;
				GCC_WARN_UNUSED_FUNCTION = YES;
				GCC_WARN_UNUSED_VARIABLE = YES;
				IPHONEOS_DEPLOYMENT_TARGET = 12.1;
				MTL_ENABLE_DEBUG_INFO = INCLUDE_SOURCE;
				MTL_FAST_MATH = YES;
				ONLY_ACTIVE_ARCH = YES;
				SDKROOT = iphoneos;
				SWIFT_ACTIVE_COMPILATION_CONDITIONS = DEBUG;
				SWIFT_OPTIMIZATION_LEVEL = "-Onone";
			};
			name = Debug;
		};
		5E65B1BD232001A7004A4293 /* Release */ = {
			isa = XCBuildConfiguration;
			buildSettings = {
				ALWAYS_SEARCH_USER_PATHS = NO;
				CLANG_ANALYZER_NONNULL = YES;
				CLANG_ANALYZER_NUMBER_OBJECT_CONVERSION = YES_AGGRESSIVE;
				CLANG_CXX_LANGUAGE_STANDARD = "gnu++14";
				CLANG_CXX_LIBRARY = "libc++";
				CLANG_ENABLE_MODULES = YES;
				CLANG_ENABLE_OBJC_ARC = YES;
				CLANG_ENABLE_OBJC_WEAK = YES;
				CLANG_WARN_BLOCK_CAPTURE_AUTORELEASING = YES;
				CLANG_WARN_BOOL_CONVERSION = YES;
				CLANG_WARN_COMMA = YES;
				CLANG_WARN_CONSTANT_CONVERSION = YES;
				CLANG_WARN_DEPRECATED_OBJC_IMPLEMENTATIONS = YES;
				CLANG_WARN_DIRECT_OBJC_ISA_USAGE = YES_ERROR;
				CLANG_WARN_DOCUMENTATION_COMMENTS = YES;
				CLANG_WARN_EMPTY_BODY = YES;
				CLANG_WARN_ENUM_CONVERSION = YES;
				CLANG_WARN_INFINITE_RECURSION = YES;
				CLANG_WARN_INT_CONVERSION = YES;
				CLANG_WARN_NON_LITERAL_NULL_CONVERSION = YES;
				CLANG_WARN_OBJC_IMPLICIT_RETAIN_SELF = YES;
				CLANG_WARN_OBJC_LITERAL_CONVERSION = YES;
				CLANG_WARN_OBJC_ROOT_CLASS = YES_ERROR;
				CLANG_WARN_RANGE_LOOP_ANALYSIS = YES;
				CLANG_WARN_STRICT_PROTOTYPES = YES;
				CLANG_WARN_SUSPICIOUS_MOVE = YES;
				CLANG_WARN_UNGUARDED_AVAILABILITY = YES_AGGRESSIVE;
				CLANG_WARN_UNREACHABLE_CODE = YES;
				CLANG_WARN__DUPLICATE_METHOD_MATCH = YES;
				CODE_SIGN_IDENTITY = "iPhone Developer";
				COPY_PHASE_STRIP = NO;
				DEBUG_INFORMATION_FORMAT = "dwarf-with-dsym";
				ENABLE_NS_ASSERTIONS = NO;
				ENABLE_STRICT_OBJC_MSGSEND = YES;
				GCC_C_LANGUAGE_STANDARD = gnu11;
				GCC_NO_COMMON_BLOCKS = YES;
				GCC_WARN_64_TO_32_BIT_CONVERSION = YES;
				GCC_WARN_ABOUT_RETURN_TYPE = YES_ERROR;
				GCC_WARN_UNDECLARED_SELECTOR = YES;
				GCC_WARN_UNINITIALIZED_AUTOS = YES_AGGRESSIVE;
				GCC_WARN_UNUSED_FUNCTION = YES;
				GCC_WARN_UNUSED_VARIABLE = YES;
				IPHONEOS_DEPLOYMENT_TARGET = 12.1;
				MTL_ENABLE_DEBUG_INFO = NO;
				MTL_FAST_MATH = YES;
				SDKROOT = iphoneos;
				SWIFT_COMPILATION_MODE = wholemodule;
				SWIFT_OPTIMIZATION_LEVEL = "-O";
				VALIDATE_PRODUCT = YES;
			};
			name = Release;
		};
		5E65B1BF232001A7004A4293 /* Debug */ = {
			isa = XCBuildConfiguration;
			buildSettings = {
				ASSETCATALOG_COMPILER_APPICON_NAME = AppIcon;
				CODE_SIGN_STYLE = Automatic;
				DEVELOPMENT_TEAM = 8H6TS5PT7T;
				INFOPLIST_FILE = MonzoClone/Info.plist;
				LD_RUNPATH_SEARCH_PATHS = (
					"$(inherited)",
					"@executable_path/Frameworks",
				);
				PRODUCT_BUNDLE_IDENTIFIER = com.HenryNoon.MonzoClone;
				PRODUCT_NAME = "$(TARGET_NAME)";
				SWIFT_VERSION = 4.2;
				TARGETED_DEVICE_FAMILY = "1,2";
			};
			name = Debug;
		};
		5E65B1C0232001A7004A4293 /* Release */ = {
			isa = XCBuildConfiguration;
			buildSettings = {
				ASSETCATALOG_COMPILER_APPICON_NAME = AppIcon;
				CODE_SIGN_STYLE = Automatic;
				DEVELOPMENT_TEAM = 8H6TS5PT7T;
				INFOPLIST_FILE = MonzoClone/Info.plist;
				LD_RUNPATH_SEARCH_PATHS = (
					"$(inherited)",
					"@executable_path/Frameworks",
				);
				PRODUCT_BUNDLE_IDENTIFIER = com.HenryNoon.MonzoClone;
				PRODUCT_NAME = "$(TARGET_NAME)";
				SWIFT_VERSION = 4.2;
				TARGETED_DEVICE_FAMILY = "1,2";
			};
			name = Release;
		};
/* End XCBuildConfiguration section */

/* Begin XCConfigurationList section */
		5E65B1A7232001A6004A4293 /* Build configuration list for PBXProject "MonzoClone" */ = {
			isa = XCConfigurationList;
			buildConfigurations = (
				5E65B1BC232001A7004A4293 /* Debug */,
				5E65B1BD232001A7004A4293 /* Release */,
			);
			defaultConfigurationIsVisible = 0;
			defaultConfigurationName = Release;
		};
		5E65B1BE232001A7004A4293 /* Build configuration list for PBXNativeTarget "MonzoClone" */ = {
			isa = XCConfigurationList;
			buildConfigurations = (
				5E65B1BF232001A7004A4293 /* Debug */,
				5E65B1C0232001A7004A4293 /* Release */,
			);
			defaultConfigurationIsVisible = 0;
			defaultConfigurationName = Release;
		};
/* End XCConfigurationList section */
	};
	rootObject = 5E65B1A4232001A6004A4293 /* Project object */;
}
